
Microsoft Visual Studio Solution File, Format Version 12.00
# Visual Studio Version 17
VisualStudioVersion = 17.5.002.0
MinimumVisualStudioVersion = 10.0.40219.1
Project("{9A19103F-16F7-4668-BE54-9A1E7A4F7556}") = "Задача 4", "Задача 4.csproj", "{0294ACA2-9D7A-4F47-B7F6-9B1EC14031EC}"
EndProject
Global
	GlobalSection(SolutionConfigurationPlatforms) = preSolution
		Debug|Any CPU = Debug|Any CPU
		Release|Any CPU = Release|Any CPU
	EndGlobalSection
	GlobalSection(ProjectConfigurationPlatforms) = postSolution
		{0294ACA2-9D7A-4F47-B7F6-9B1EC14031EC}.Debug|Any CPU.ActiveCfg = Debug|Any CPU
		{0294ACA2-9D7A-4F47-B7F6-9B1EC14031EC}.Debug|Any CPU.Build.0 = Debug|Any CPU
		{0294ACA2-9D7A-4F47-B7F6-9B1EC14031EC}.Release|Any CPU.ActiveCfg = Release|Any CPU
		{0294ACA2-9D7A-4F47-B7F6-9B1EC14031EC}.Release|Any CPU.Build.0 = Release|Any CPU
	EndGlobalSection
	GlobalSection(SolutionProperties) = preSolution
		HideSolutionNode = FALSE
	EndGlobalSection
	GlobalSection(ExtensibilityGlobals) = postSolution
		SolutionGuid = {3075FB88-3BC9-4C62-A511-AEEE9AA075BE}
	EndGlobalSection
EndGlobal
